
Microsoft Visual Studio Solution File, Format Version 12.00
# Visual Studio Version 17
VisualStudioVersion = 17.9.34728.123
MinimumVisualStudioVersion = 10.0.40219.1
Project("{FAE04EC0-301F-11D3-BF4B-00C04F79EFBC}") = "Floppy", "Floppy\Floppy.csproj", "{1948626E-8B86-4E16-9485-001ADE9410A6}"
EndProject
Global
	GlobalSection(SolutionConfigurationPlatforms) = preSolution
		Debug|Any CPU = Debug|Any CPU
		Release|Any CPU = Release|Any CPU
	EndGlobalSection
	GlobalSection(ProjectConfigurationPlatforms) = postSolution
		{1948626E-8B86-4E16-9485-001ADE9410A6}.Debug|Any CPU.ActiveCfg = Debug|Any CPU
		{1948626E-8B86-4E16-9485-001ADE9410A6}.Debug|Any CPU.Build.0 = Debug|Any CPU
		{1948626E-8B86-4E16-9485-001ADE9410A6}.Release|Any CPU.ActiveCfg = Release|Any CPU
		{1948626E-8B86-4E16-9485-001ADE9410A6}.Release|Any CPU.Build.0 = Release|Any CPU
	EndGlobalSection
	GlobalSection(SolutionProperties) = preSolution
		HideSolutionNode = FALSE
	EndGlobalSection
	GlobalSection(ExtensibilityGlobals) = postSolution
		SolutionGuid = {4CA65997-5181-4E2E-8501-B60B6F62ED4F}
	EndGlobalSection
EndGlobal
